
Microsoft Visual Studio Solution File, Format Version 12.00
# Visual Studio Version 17
VisualStudioVersion = 17.0.31903.59
MinimumVisualStudioVersion = 10.0.40219.1
Project("{2150E333-8FDC-42A3-9474-1A3956D46DE8}") = "core", "core", "{FBF56CC3-7AE6-AD2D-3F14-7F97FD322CD6}"
EndProject
Project("{2150E333-8FDC-42A3-9474-1A3956D46DE8}") = "dominio", "dominio", "{08A5A5E1-E739-B3C2-B6A7-BBFDB08A9C83}"
EndProject
Project("{FAE04EC0-301F-11D3-BF4B-00C04F79EFBC}") = "LocadoraDeAutomoveis.Core.Dominio", "core\dominio\LocadoraDeAutomoveis.Core.Dominio.csproj", "{187C9BEF-C233-46C0-A10C-1513C58C68DD}"
EndProject
Project("{2150E333-8FDC-42A3-9474-1A3956D46DE8}") = "aplicacao", "aplicacao", "{83AE3874-ED3A-873A-7D1C-E64278DFB764}"
EndProject
Project("{FAE04EC0-301F-11D3-BF4B-00C04F79EFBC}") = "LocadoraDeAutomoveis.Core.Aplicacao", "core\aplicacao\LocadoraDeAutomoveis.Core.Aplicacao.csproj", "{778779A0-8EA0-4E6E-8339-D3C828E3D41C}"
EndProject
Project("{2150E333-8FDC-42A3-9474-1A3956D46DE8}") = "infraestrutura", "infraestrutura", "{52889F8D-917C-679E-99DC-1F63988DE54F}"
EndProject
Project("{2150E333-8FDC-42A3-9474-1A3956D46DE8}") = "orm", "orm", "{13D2BE4E-0CB9-D903-9057-46956D252EEA}"
EndProject
Project("{FAE04EC0-301F-11D3-BF4B-00C04F79EFBC}") = "LocadoraDeAutomoveis.Infraestrutura.Orm", "infraestrutura\orm\LocadoraDeAutomoveis.Infraestrutura.Orm.csproj", "{46C8168B-E6F5-40F3-9050-9D5A4041B53E}"
EndProject
Project("{2150E333-8FDC-42A3-9474-1A3956D46DE8}") = "logging", "logging", "{F045ECDE-E4A2-3B79-2C0A-CC768919BABD}"
EndProject
Project("{FAE04EC0-301F-11D3-BF4B-00C04F79EFBC}") = "LocadoraDeAutomoveis.Infraestrutura.Logging", "infraestrutura\logging\LocadoraDeAutomoveis.Infraestrutura.Logging.csproj", "{B1CE9B29-F1AA-49D2-BE7D-7A86A99D1E51}"
EndProject
Project("{2150E333-8FDC-42A3-9474-1A3956D46DE8}") = "web-api", "web-api", "{49AD16BF-DC84-99D6-9CA2-9A31B4A1C1A8}"
EndProject
Project("{FAE04EC0-301F-11D3-BF4B-00C04F79EFBC}") = "LocadoraDeAutomoveis.WebApi", "web-api\LocadoraDeAutomoveis.WebApi.csproj", "{363848FC-E0F5-4398-B70F-E9C564D76F83}"
EndProject
Global
	GlobalSection(SolutionConfigurationPlatforms) = preSolution
		Debug|Any CPU = Debug|Any CPU
		Debug|x64 = Debug|x64
		Debug|x86 = Debug|x86
		Release|Any CPU = Release|Any CPU
		Release|x64 = Release|x64
		Release|x86 = Release|x86
	EndGlobalSection
	GlobalSection(ProjectConfigurationPlatforms) = postSolution
		{187C9BEF-C233-46C0-A10C-1513C58C68DD}.Debug|Any CPU.ActiveCfg = Debug|Any CPU
		{187C9BEF-C233-46C0-A10C-1513C58C68DD}.Debug|Any CPU.Build.0 = Debug|Any CPU
		{187C9BEF-C233-46C0-A10C-1513C58C68DD}.Debug|x64.ActiveCfg = Debug|Any CPU
		{187C9BEF-C233-46C0-A10C-1513C58C68DD}.Debug|x64.Build.0 = Debug|Any CPU
		{187C9BEF-C233-46C0-A10C-1513C58C68DD}.Debug|x86.ActiveCfg = Debug|Any CPU
		{187C9BEF-C233-46C0-A10C-1513C58C68DD}.Debug|x86.Build.0 = Debug|Any CPU
		{187C9BEF-C233-46C0-A10C-1513C58C68DD}.Release|Any CPU.ActiveCfg = Release|Any CPU
		{187C9BEF-C233-46C0-A10C-1513C58C68DD}.Release|Any CPU.Build.0 = Release|Any CPU
		{187C9BEF-C233-46C0-A10C-1513C58C68DD}.Release|x64.ActiveCfg = Release|Any CPU
		{187C9BEF-C233-46C0-A10C-1513C58C68DD}.Release|x64.Build.0 = Release|Any CPU
		{187C9BEF-C233-46C0-A10C-1513C58C68DD}.Release|x86.ActiveCfg = Release|Any CPU
		{187C9BEF-C233-46C0-A10C-1513C58C68DD}.Release|x86.Build.0 = Release|Any CPU
		{778779A0-8EA0-4E6E-8339-D3C828E3D41C}.Debug|Any CPU.ActiveCfg = Debug|Any CPU
		{778779A0-8EA0-4E6E-8339-D3C828E3D41C}.Debug|Any CPU.Build.0 = Debug|Any CPU
		{778779A0-8EA0-4E6E-8339-D3C828E3D41C}.Debug|x64.ActiveCfg = Debug|Any CPU
		{778779A0-8EA0-4E6E-8339-D3C828E3D41C}.Debug|x64.Build.0 = Debug|Any CPU
		{778779A0-8EA0-4E6E-8339-D3C828E3D41C}.Debug|x86.ActiveCfg = Debug|Any CPU
		{778779A0-8EA0-4E6E-8339-D3C828E3D41C}.Debug|x86.Build.0 = Debug|Any CPU
		{778779A0-8EA0-4E6E-8339-D3C828E3D41C}.Release|Any CPU.ActiveCfg = Release|Any CPU
		{778779A0-8EA0-4E6E-8339-D3C828E3D41C}.Release|Any CPU.Build.0 = Release|Any CPU
		{778779A0-8EA0-4E6E-8339-D3C828E3D41C}.Release|x64.ActiveCfg = Release|Any CPU
		{778779A0-8EA0-4E6E-8339-D3C828E3D41C}.Release|x64.Build.0 = Release|Any CPU
		{778779A0-8EA0-4E6E-8339-D3C828E3D41C}.Release|x86.ActiveCfg = Release|Any CPU
		{778779A0-8EA0-4E6E-8339-D3C828E3D41C}.Release|x86.Build.0 = Release|Any CPU
		{46C8168B-E6F5-40F3-9050-9D5A4041B53E}.Debug|Any CPU.ActiveCfg = Debug|Any CPU
		{46C8168B-E6F5-40F3-9050-9D5A4041B53E}.Debug|Any CPU.Build.0 = Debug|Any CPU
		{46C8168B-E6F5-40F3-9050-9D5A4041B53E}.Debug|x64.ActiveCfg = Debug|Any CPU
		{46C8168B-E6F5-40F3-9050-9D5A4041B53E}.Debug|x64.Build.0 = Debug|Any CPU
		{46C8168B-E6F5-40F3-9050-9D5A4041B53E}.Debug|x86.ActiveCfg = Debug|Any CPU
		{46C8168B-E6F5-40F3-9050-9D5A4041B53E}.Debug|x86.Build.0 = Debug|Any CPU
		{46C8168B-E6F5-40F3-9050-9D5A4041B53E}.Release|Any CPU.ActiveCfg = Release|Any CPU
		{46C8168B-E6F5-40F3-9050-9D5A4041B53E}.Release|Any CPU.Build.0 = Release|Any CPU
		{46C8168B-E6F5-40F3-9050-9D5A4041B53E}.Release|x64.ActiveCfg = Release|Any CPU
		{46C8168B-E6F5-40F3-9050-9D5A4041B53E}.Release|x64.Build.0 = Release|Any CPU
		{46C8168B-E6F5-40F3-9050-9D5A4041B53E}.Release|x86.ActiveCfg = Release|Any CPU
		{46C8168B-E6F5-40F3-9050-9D5A4041B53E}.Release|x86.Build.0 = Release|Any CPU
		{B1CE9B29-F1AA-49D2-BE7D-7A86A99D1E51}.Debug|Any CPU.ActiveCfg = Debug|Any CPU
		{B1CE9B29-F1AA-49D2-BE7D-7A86A99D1E51}.Debug|Any CPU.Build.0 = Debug|Any CPU
		{B1CE9B29-F1AA-49D2-BE7D-7A86A99D1E51}.Debug|x64.ActiveCfg = Debug|Any CPU
		{B1CE9B29-F1AA-49D2-BE7D-7A86A99D1E51}.Debug|x64.Build.0 = Debug|Any CPU
		{B1CE9B29-F1AA-49D2-BE7D-7A86A99D1E51}.Debug|x86.ActiveCfg = Debug|Any CPU
		{B1CE9B29-F1AA-49D2-BE7D-7A86A99D1E51}.Debug|x86.Build.0 = Debug|Any CPU
		{B1CE9B29-F1AA-49D2-BE7D-7A86A99D1E51}.Release|Any CPU.ActiveCfg = Release|Any CPU
		{B1CE9B29-F1AA-49D2-BE7D-7A86A99D1E51}.Release|Any CPU.Build.0 = Release|Any CPU
		{B1CE9B29-F1AA-49D2-BE7D-7A86A99D1E51}.Release|x64.ActiveCfg = Release|Any CPU
		{B1CE9B29-F1AA-49D2-BE7D-7A86A99D1E51}.Release|x64.Build.0 = Release|Any CPU
		{B1CE9B29-F1AA-49D2-BE7D-7A86A99D1E51}.Release|x86.ActiveCfg = Release|Any CPU
		{B1CE9B29-F1AA-49D2-BE7D-7A86A99D1E51}.Release|x86.Build.0 = Release|Any CPU
		{363848FC-E0F5-4398-B70F-E9C564D76F83}.Debug|Any CPU.ActiveCfg = Debug|Any CPU
		{363848FC-E0F5-4398-B70F-E9C564D76F83}.Debug|Any CPU.Build.0 = Debug|Any CPU
		{363848FC-E0F5-4398-B70F-E9C564D76F83}.Debug|x64.ActiveCfg = Debug|Any CPU
		{363848FC-E0F5-4398-B70F-E9C564D76F83}.Debug|x64.Build.0 = Debug|Any CPU
		{363848FC-E0F5-4398-B70F-E9C564D76F83}.Debug|x86.ActiveCfg = Debug|Any CPU
		{363848FC-E0F5-4398-B70F-E9C564D76F83}.Debug|x86.Build.0 = Debug|Any CPU
		{363848FC-E0F5-4398-B70F-E9C564D76F83}.Release|Any CPU.ActiveCfg = Release|Any CPU
		{363848FC-E0F5-4398-B70F-E9C564D76F83}.Release|Any CPU.Build.0 = Release|Any CPU
		{363848FC-E0F5-4398-B70F-E9C564D76F83}.Release|x64.ActiveCfg = Release|Any CPU
		{363848FC-E0F5-4398-B70F-E9C564D76F83}.Release|x64.Build.0 = Release|Any CPU
		{363848FC-E0F5-4398-B70F-E9C564D76F83}.Release|x86.ActiveCfg = Release|Any CPU
		{363848FC-E0F5-4398-B70F-E9C564D76F83}.Release|x86.Build.0 = Release|Any CPU
	EndGlobalSection
	GlobalSection(SolutionProperties) = preSolution
		HideSolutionNode = FALSE
	EndGlobalSection
	GlobalSection(NestedProjects) = preSolution
		{08A5A5E1-E739-B3C2-B6A7-BBFDB08A9C83} = {FBF56CC3-7AE6-AD2D-3F14-7F97FD322CD6}
		{187C9BEF-C233-46C0-A10C-1513C58C68DD} = {08A5A5E1-E739-B3C2-B6A7-BBFDB08A9C83}
		{83AE3874-ED3A-873A-7D1C-E64278DFB764} = {FBF56CC3-7AE6-AD2D-3F14-7F97FD322CD6}
		{778779A0-8EA0-4E6E-8339-D3C828E3D41C} = {83AE3874-ED3A-873A-7D1C-E64278DFB764}
		{13D2BE4E-0CB9-D903-9057-46956D252EEA} = {52889F8D-917C-679E-99DC-1F63988DE54F}
		{46C8168B-E6F5-40F3-9050-9D5A4041B53E} = {13D2BE4E-0CB9-D903-9057-46956D252EEA}
		{F045ECDE-E4A2-3B79-2C0A-CC768919BABD} = {52889F8D-917C-679E-99DC-1F63988DE54F}
		{B1CE9B29-F1AA-49D2-BE7D-7A86A99D1E51} = {F045ECDE-E4A2-3B79-2C0A-CC768919BABD}
		{363848FC-E0F5-4398-B70F-E9C564D76F83} = {49AD16BF-DC84-99D6-9CA2-9A31B4A1C1A8}
	EndGlobalSection
EndGlobal
